
Microsoft Visual Studio Solution File, Format Version 12.00
# Visual Studio Version 17
VisualStudioVersion = 17.0.32014.148
MinimumVisualStudioVersion = 10.0.40219.1
Project("{9A19103F-16F7-4668-BE54-9A1E7A4F7556}") = "Api", "Api\Api.csproj", "{55FD8C19-C707-44D9-885A-B8B24E82E0F5}"
EndProject
Project("{9A19103F-16F7-4668-BE54-9A1E7A4F7556}") = "Models", "Models\Models.csproj", "{0C2E963D-286E-4108-BB31-D8C4A45267EE}"
EndProject
Project("{9A19103F-16F7-4668-BE54-9A1E7A4F7556}") = "Repositories", "Repositories\Repositories.csproj", "{9ED68675-CAB2-42CF-BFBA-0329A3B44BD6}"
EndProject
Project("{FAE04EC0-301F-11D3-BF4B-00C04F79EFBC}") = "Services", "Services\Services.csproj", "{B01B91D2-1AFC-4AA1-B1C9-EAE89B823CFA}"
EndProject
Global
	GlobalSection(SolutionConfigurationPlatforms) = preSolution
		Debug|Any CPU = Debug|Any CPU
		Release|Any CPU = Release|Any CPU
	EndGlobalSection
	GlobalSection(ProjectConfigurationPlatforms) = postSolution
		{55FD8C19-C707-44D9-885A-B8B24E82E0F5}.Debug|Any CPU.ActiveCfg = Debug|Any CPU
		{55FD8C19-C707-44D9-885A-B8B24E82E0F5}.Debug|Any CPU.Build.0 = Debug|Any CPU
		{55FD8C19-C707-44D9-885A-B8B24E82E0F5}.Release|Any CPU.ActiveCfg = Release|Any CPU
		{55FD8C19-C707-44D9-885A-B8B24E82E0F5}.Release|Any CPU.Build.0 = Release|Any CPU
		{0C2E963D-286E-4108-BB31-D8C4A45267EE}.Debug|Any CPU.ActiveCfg = Debug|Any CPU
		{0C2E963D-286E-4108-BB31-D8C4A45267EE}.Debug|Any CPU.Build.0 = Debug|Any CPU
		{0C2E963D-286E-4108-BB31-D8C4A45267EE}.Release|Any CPU.ActiveCfg = Release|Any CPU
		{0C2E963D-286E-4108-BB31-D8C4A45267EE}.Release|Any CPU.Build.0 = Release|Any CPU
		{9ED68675-CAB2-42CF-BFBA-0329A3B44BD6}.Debug|Any CPU.ActiveCfg = Debug|Any CPU
		{9ED68675-CAB2-42CF-BFBA-0329A3B44BD6}.Debug|Any CPU.Build.0 = Debug|Any CPU
		{9ED68675-CAB2-42CF-BFBA-0329A3B44BD6}.Release|Any CPU.ActiveCfg = Release|Any CPU
		{9ED68675-CAB2-42CF-BFBA-0329A3B44BD6}.Release|Any CPU.Build.0 = Release|Any CPU
		{B01B91D2-1AFC-4AA1-B1C9-EAE89B823CFA}.Debug|Any CPU.ActiveCfg = Debug|Any CPU
		{B01B91D2-1AFC-4AA1-B1C9-EAE89B823CFA}.Debug|Any CPU.Build.0 = Debug|Any CPU
		{B01B91D2-1AFC-4AA1-B1C9-EAE89B823CFA}.Release|Any CPU.ActiveCfg = Release|Any CPU
		{B01B91D2-1AFC-4AA1-B1C9-EAE89B823CFA}.Release|Any CPU.Build.0 = Release|Any CPU
	EndGlobalSection
	GlobalSection(SolutionProperties) = preSolution
		HideSolutionNode = FALSE
	EndGlobalSection
	GlobalSection(ExtensibilityGlobals) = postSolution
		SolutionGuid = {8E3302F9-5196-479F-8588-F85AF27BB1B7}
	EndGlobalSection
EndGlobal
